
Microsoft Visual Studio Solution File, Format Version 12.00
# Visual Studio Version 16
VisualStudioVersion = 16.0.29613.14
MinimumVisualStudioVersion = 10.0.40219.1
Project("{FAE04EC0-301F-11D3-BF4B-00C04F79EFBC}") = "UninstallTaskmanager", "UninstallTaskmanager\UninstallTaskmanager.csproj", "{61F2402A-5374-4117-817A-B3C983D4A118}"
EndProject
Global
	GlobalSection(SolutionConfigurationPlatforms) = preSolution
		Debug|Any CPU = Debug|Any CPU
		Release|Any CPU = Release|Any CPU
	EndGlobalSection
	GlobalSection(ProjectConfigurationPlatforms) = postSolution
		{61F2402A-5374-4117-817A-B3C983D4A118}.Debug|Any CPU.ActiveCfg = Debug|Any CPU
		{61F2402A-5374-4117-817A-B3C983D4A118}.Debug|Any CPU.Build.0 = Debug|Any CPU
		{61F2402A-5374-4117-817A-B3C983D4A118}.Release|Any CPU.ActiveCfg = Release|Any CPU
		{61F2402A-5374-4117-817A-B3C983D4A118}.Release|Any CPU.Build.0 = Release|Any CPU
	EndGlobalSection
	GlobalSection(SolutionProperties) = preSolution
		HideSolutionNode = FALSE
	EndGlobalSection
	GlobalSection(ExtensibilityGlobals) = postSolution
		SolutionGuid = {76025696-BCB1-4D33-9B56-3BC7745893A1}
	EndGlobalSection
EndGlobal
